
Microsoft Visual Studio Solution File, Format Version 12.00
# Visual Studio 15
VisualStudioVersion = 15.0.28010.2019
MinimumVisualStudioVersion = 10.0.40219.1
Project("{FAE04EC0-301F-11D3-BF4B-00C04F79EFBC}") = "GoldSilver", "GoldSilver.csproj", "{7E11B662-F90F-4D69-B42E-7163B9424507}"
EndProject
Global
	GlobalSection(SolutionConfigurationPlatforms) = preSolution
		Debug|Any CPU = Debug|Any CPU
		Release|Any CPU = Release|Any CPU
	EndGlobalSection
	GlobalSection(ProjectConfigurationPlatforms) = postSolution
		{7E11B662-F90F-4D69-B42E-7163B9424507}.Debug|Any CPU.ActiveCfg = Debug|Any CPU
		{7E11B662-F90F-4D69-B42E-7163B9424507}.Debug|Any CPU.Build.0 = Debug|Any CPU
		{7E11B662-F90F-4D69-B42E-7163B9424507}.Release|Any CPU.ActiveCfg = Release|Any CPU
		{7E11B662-F90F-4D69-B42E-7163B9424507}.Release|Any CPU.Build.0 = Release|Any CPU
	EndGlobalSection
	GlobalSection(SolutionProperties) = preSolution
		HideSolutionNode = FALSE
	EndGlobalSection
	GlobalSection(ExtensibilityGlobals) = postSolution
		SolutionGuid = {6D7880B8-1C2C-4E40-99A3-02FC52735268}
	EndGlobalSection
EndGlobal
